
Microsoft Visual Studio Solution File, Format Version 12.00
# Visual Studio 15
VisualStudioVersion = 15.0.27703.2042
MinimumVisualStudioVersion = 10.0.40219.1
Project("{FAE04EC0-301F-11D3-BF4B-00C04F79EFBC}") = "Lands.Android", "Lands\Lands.Android\Lands.Android.csproj", "{570A148A-FB49-42D7-90DF-C38EB5C81144}"
EndProject
Project("{FAE04EC0-301F-11D3-BF4B-00C04F79EFBC}") = "Lands.iOS", "Lands\Lands.iOS\Lands.iOS.csproj", "{10A9FD2C-CABB-4E88-BD35-003DD5AC9A0C}"
EndProject
Project("{FAE04EC0-301F-11D3-BF4B-00C04F79EFBC}") = "Lands", "Lands\Lands\Lands.csproj", "{7E9B394C-6348-487B-AE57-20201E567E45}"
EndProject
Global
	GlobalSection(SolutionConfigurationPlatforms) = preSolution
		Ad-Hoc|Any CPU = Ad-Hoc|Any CPU
		Ad-Hoc|iPhone = Ad-Hoc|iPhone
		Ad-Hoc|iPhoneSimulator = Ad-Hoc|iPhoneSimulator
		AppStore|Any CPU = AppStore|Any CPU
		AppStore|iPhone = AppStore|iPhone
		AppStore|iPhoneSimulator = AppStore|iPhoneSimulator
		Debug|Any CPU = Debug|Any CPU
		Debug|iPhone = Debug|iPhone
		Debug|iPhoneSimulator = Debug|iPhoneSimulator
		Release|Any CPU = Release|Any CPU
		Release|iPhone = Release|iPhone
		Release|iPhoneSimulator = Release|iPhoneSimulator
	EndGlobalSection
	GlobalSection(ProjectConfigurationPlatforms) = postSolution
		{570A148A-FB49-42D7-90DF-C38EB5C81144}.Ad-Hoc|Any CPU.ActiveCfg = Release|Any CPU
		{570A148A-FB49-42D7-90DF-C38EB5C81144}.Ad-Hoc|Any CPU.Build.0 = Release|Any CPU
		{570A148A-FB49-42D7-90DF-C38EB5C81144}.Ad-Hoc|Any CPU.Deploy.0 = Release|Any CPU
		{570A148A-FB49-42D7-90DF-C38EB5C81144}.Ad-Hoc|iPhone.ActiveCfg = Release|Any CPU
		{570A148A-FB49-42D7-90DF-C38EB5C81144}.Ad-Hoc|iPhone.Build.0 = Release|Any CPU
		{570A148A-FB49-42D7-90DF-C38EB5C81144}.Ad-Hoc|iPhone.Deploy.0 = Release|Any CPU
		{570A148A-FB49-42D7-90DF-C38EB5C81144}.Ad-Hoc|iPhoneSimulator.ActiveCfg = Release|Any CPU
		{570A148A-FB49-42D7-90DF-C38EB5C81144}.Ad-Hoc|iPhoneSimulator.Build.0 = Release|Any CPU
		{570A148A-FB49-42D7-90DF-C38EB5C81144}.Ad-Hoc|iPhoneSimulator.Deploy.0 = Release|Any CPU
		{570A148A-FB49-42D7-90DF-C38EB5C81144}.AppStore|Any CPU.ActiveCfg = Release|Any CPU
		{570A148A-FB49-42D7-90DF-C38EB5C81144}.AppStore|Any CPU.Build.0 = Release|Any CPU
		{570A148A-FB49-42D7-90DF-C38EB5C81144}.AppStore|Any CPU.Deploy.0 = Release|Any CPU
		{570A148A-FB49-42D7-90DF-C38EB5C81144}.AppStore|iPhone.ActiveCfg = Release|Any CPU
		{570A148A-FB49-42D7-90DF-C38EB5C81144}.AppStore|iPhone.Build.0 = Release|Any CPU
		{570A148A-FB49-42D7-90DF-C38EB5C81144}.AppStore|iPhone.Deploy.0 = Release|Any CPU
		{570A148A-FB49-42D7-90DF-C38EB5C81144}.AppStore|iPhoneSimulator.ActiveCfg = Release|Any CPU
		{570A148A-FB49-42D7-90DF-C38EB5C81144}.AppStore|iPhoneSimulator.Build.0 = Release|Any CPU
		{570A148A-FB49-42D7-90DF-C38EB5C81144}.AppStore|iPhoneSimulator.Deploy.0 = Release|Any CPU
		{570A148A-FB49-42D7-90DF-C38EB5C81144}.Debug|Any CPU.ActiveCfg = Debug|Any CPU
		{570A148A-FB49-42D7-90DF-C38EB5C81144}.Debug|Any CPU.Build.0 = Debug|Any CPU
		{570A148A-FB49-42D7-90DF-C38EB5C81144}.Debug|Any CPU.Deploy.0 = Debug|Any CPU
		{570A148A-FB49-42D7-90DF-C38EB5C81144}.Debug|iPhone.ActiveCfg = Debug|Any CPU
		{570A148A-FB49-42D7-90DF-C38EB5C81144}.Debug|iPhone.Build.0 = Debug|Any CPU
		{570A148A-FB49-42D7-90DF-C38EB5C81144}.Debug|iPhone.Deploy.0 = Debug|Any CPU
		{570A148A-FB49-42D7-90DF-C38EB5C81144}.Debug|iPhoneSimulator.ActiveCfg = Debug|Any CPU
		{570A148A-FB49-42D7-90DF-C38EB5C81144}.Debug|iPhoneSimulator.Build.0 = Debug|Any CPU
		{570A148A-FB49-42D7-90DF-C38EB5C81144}.Debug|iPhoneSimulator.Deploy.0 = Debug|Any CPU
		{570A148A-FB49-42D7-90DF-C38EB5C81144}.Release|Any CPU.ActiveCfg = Release|Any CPU
		{570A148A-FB49-42D7-90DF-C38EB5C81144}.Release|Any CPU.Build.0 = Release|Any CPU
		{570A148A-FB49-42D7-90DF-C38EB5C81144}.Release|Any CPU.Deploy.0 = Release|Any CPU
		{570A148A-FB49-42D7-90DF-C38EB5C81144}.Release|iPhone.ActiveCfg = Release|Any CPU
		{570A148A-FB49-42D7-90DF-C38EB5C81144}.Release|iPhone.Build.0 = Release|Any CPU
		{570A148A-FB49-42D7-90DF-C38EB5C81144}.Release|iPhone.Deploy.0 = Release|Any CPU
		{570A148A-FB49-42D7-90DF-C38EB5C81144}.Release|iPhoneSimulator.ActiveCfg = Release|Any CPU
		{570A148A-FB49-42D7-90DF-C38EB5C81144}.Release|iPhoneSimulator.Build.0 = Release|Any CPU
		{570A148A-FB49-42D7-90DF-C38EB5C81144}.Release|iPhoneSimulator.Deploy.0 = Release|Any CPU
		{10A9FD2C-CABB-4E88-BD35-003DD5AC9A0C}.Ad-Hoc|Any CPU.ActiveCfg = Ad-Hoc|iPhone
		{10A9FD2C-CABB-4E88-BD35-003DD5AC9A0C}.Ad-Hoc|Any CPU.Build.0 = Ad-Hoc|iPhone
		{10A9FD2C-CABB-4E88-BD35-003DD5AC9A0C}.Ad-Hoc|Any CPU.Deploy.0 = Ad-Hoc|iPhone
		{10A9FD2C-CABB-4E88-BD35-003DD5AC9A0C}.Ad-Hoc|iPhone.ActiveCfg = Ad-Hoc|iPhone
		{10A9FD2C-CABB-4E88-BD35-003DD5AC9A0C}.Ad-Hoc|iPhone.Build.0 = Ad-Hoc|iPhone
		{10A9FD2C-CABB-4E88-BD35-003DD5AC9A0C}.Ad-Hoc|iPhone.Deploy.0 = Ad-Hoc|iPhone
		{10A9FD2C-CABB-4E88-BD35-003DD5AC9A0C}.Ad-Hoc|iPhoneSimulator.ActiveCfg = Ad-Hoc|iPhoneSimulator
		{10A9FD2C-CABB-4E88-BD35-003DD5AC9A0C}.Ad-Hoc|iPhoneSimulator.Build.0 = Ad-Hoc|iPhoneSimulator
		{10A9FD2C-CABB-4E88-BD35-003DD5AC9A0C}.Ad-Hoc|iPhoneSimulator.Deploy.0 = Ad-Hoc|iPhoneSimulator
		{10A9FD2C-CABB-4E88-BD35-003DD5AC9A0C}.AppStore|Any CPU.ActiveCfg = AppStore|iPhone
		{10A9FD2C-CABB-4E88-BD35-003DD5AC9A0C}.AppStore|Any CPU.Build.0 = AppStore|iPhone
		{10A9FD2C-CABB-4E88-BD35-003DD5AC9A0C}.AppStore|Any CPU.Deploy.0 = AppStore|iPhone
		{10A9FD2C-CABB-4E88-BD35-003DD5AC9A0C}.AppStore|iPhone.ActiveCfg = AppStore|iPhone
		{10A9FD2C-CABB-4E88-BD35-003DD5AC9A0C}.AppStore|iPhone.Build.0 = AppStore|iPhone
		{10A9FD2C-CABB-4E88-BD35-003DD5AC9A0C}.AppStore|iPhone.Deploy.0 = AppStore|iPhone
		{10A9FD2C-CABB-4E88-BD35-003DD5AC9A0C}.AppStore|iPhoneSimulator.ActiveCfg = AppStore|iPhoneSimulator
		{10A9FD2C-CABB-4E88-BD35-003DD5AC9A0C}.AppStore|iPhoneSimulator.Build.0 = AppStore|iPhoneSimulator
		{10A9FD2C-CABB-4E88-BD35-003DD5AC9A0C}.AppStore|iPhoneSimulator.Deploy.0 = AppStore|iPhoneSimulator
		{10A9FD2C-CABB-4E88-BD35-003DD5AC9A0C}.Debug|Any CPU.ActiveCfg = Debug|iPhoneSimulator
		{10A9FD2C-CABB-4E88-BD35-003DD5AC9A0C}.Debug|Any CPU.Build.0 = Debug|iPhoneSimulator
		{10A9FD2C-CABB-4E88-BD35-003DD5AC9A0C}.Debug|Any CPU.Deploy.0 = Debug|iPhoneSimulator
		{10A9FD2C-CABB-4E88-BD35-003DD5AC9A0C}.Debug|iPhone.ActiveCfg = Debug|iPhone
		{10A9FD2C-CABB-4E88-BD35-003DD5AC9A0C}.Debug|iPhone.Build.0 = Debug|iPhone
		{10A9FD2C-CABB-4E88-BD35-003DD5AC9A0C}.Debug|iPhone.Deploy.0 = Debug|iPhone
		{10A9FD2C-CABB-4E88-BD35-003DD5AC9A0C}.Debug|iPhoneSimulator.ActiveCfg = Debug|iPhoneSimulator
		{10A9FD2C-CABB-4E88-BD35-003DD5AC9A0C}.Debug|iPhoneSimulator.Build.0 = Debug|iPhoneSimulator
		{10A9FD2C-CABB-4E88-BD35-003DD5AC9A0C}.Debug|iPhoneSimulator.Deploy.0 = Debug|iPhoneSimulator
		{10A9FD2C-CABB-4E88-BD35-003DD5AC9A0C}.Release|Any CPU.ActiveCfg = Release|iPhone
		{10A9FD2C-CABB-4E88-BD35-003DD5AC9A0C}.Release|Any CPU.Build.0 = Release|iPhone
		{10A9FD2C-CABB-4E88-BD35-003DD5AC9A0C}.Release|Any CPU.Deploy.0 = Release|iPhone
		{10A9FD2C-CABB-4E88-BD35-003DD5AC9A0C}.Release|iPhone.ActiveCfg = Release|iPhone
		{10A9FD2C-CABB-4E88-BD35-003DD5AC9A0C}.Release|iPhone.Build.0 = Release|iPhone
		{10A9FD2C-CABB-4E88-BD35-003DD5AC9A0C}.Release|iPhone.Deploy.0 = Release|iPhone
		{10A9FD2C-CABB-4E88-BD35-003DD5AC9A0C}.Release|iPhoneSimulator.ActiveCfg = Release|iPhoneSimulator
		{10A9FD2C-CABB-4E88-BD35-003DD5AC9A0C}.Release|iPhoneSimulator.Build.0 = Release|iPhoneSimulator
		{10A9FD2C-CABB-4E88-BD35-003DD5AC9A0C}.Release|iPhoneSimulator.Deploy.0 = Release|iPhoneSimulator
		{7E9B394C-6348-487B-AE57-20201E567E45}.Ad-Hoc|Any CPU.ActiveCfg = Debug|Any CPU
		{7E9B394C-6348-487B-AE57-20201E567E45}.Ad-Hoc|Any CPU.Build.0 = Debug|Any CPU
		{7E9B394C-6348-487B-AE57-20201E567E45}.Ad-Hoc|Any CPU.Deploy.0 = Debug|Any CPU
		{7E9B394C-6348-487B-AE57-20201E567E45}.Ad-Hoc|iPhone.ActiveCfg = Debug|Any CPU
		{7E9B394C-6348-487B-AE57-20201E567E45}.Ad-Hoc|iPhone.Build.0 = Debug|Any CPU
		{7E9B394C-6348-487B-AE57-20201E567E45}.Ad-Hoc|iPhone.Deploy.0 = Debug|Any CPU
		{7E9B394C-6348-487B-AE57-20201E567E45}.Ad-Hoc|iPhoneSimulator.ActiveCfg = Debug|Any CPU
		{7E9B394C-6348-487B-AE57-20201E567E45}.Ad-Hoc|iPhoneSimulator.Build.0 = Debug|Any CPU
		{7E9B394C-6348-487B-AE57-20201E567E45}.Ad-Hoc|iPhoneSimulator.Deploy.0 = Debug|Any CPU
		{7E9B394C-6348-487B-AE57-20201E567E45}.AppStore|Any CPU.ActiveCfg = Debug|Any CPU
		{7E9B394C-6348-487B-AE57-20201E567E45}.AppStore|Any CPU.Build.0 = Debug|Any CPU
		{7E9B394C-6348-487B-AE57-20201E567E45}.AppStore|Any CPU.Deploy.0 = Debug|Any CPU
		{7E9B394C-6348-487B-AE57-20201E567E45}.AppStore|iPhone.ActiveCfg = Debug|Any CPU
		{7E9B394C-6348-487B-AE57-20201E567E45}.AppStore|iPhone.Build.0 = Debug|Any CPU
		{7E9B394C-6348-487B-AE57-20201E567E45}.AppStore|iPhone.Deploy.0 = Debug|Any CPU
		{7E9B394C-6348-487B-AE57-20201E567E45}.AppStore|iPhoneSimulator.ActiveCfg = Debug|Any CPU
		{7E9B394C-6348-487B-AE57-20201E567E45}.AppStore|iPhoneSimulator.Build.0 = Debug|Any CPU
		{7E9B394C-6348-487B-AE57-20201E567E45}.AppStore|iPhoneSimulator.Deploy.0 = Debug|Any CPU
		{7E9B394C-6348-487B-AE57-20201E567E45}.Debug|Any CPU.ActiveCfg = Debug|Any CPU
		{7E9B394C-6348-487B-AE57-20201E567E45}.Debug|Any CPU.Build.0 = Debug|Any CPU
		{7E9B394C-6348-487B-AE57-20201E567E45}.Debug|Any CPU.Deploy.0 = Debug|Any CPU
		{7E9B394C-6348-487B-AE57-20201E567E45}.Debug|iPhone.ActiveCfg = Debug|Any CPU
		{7E9B394C-6348-487B-AE57-20201E567E45}.Debug|iPhone.Build.0 = Debug|Any CPU
		{7E9B394C-6348-487B-AE57-20201E567E45}.Debug|iPhone.Deploy.0 = Debug|Any CPU
		{7E9B394C-6348-487B-AE57-20201E567E45}.Debug|iPhoneSimulator.ActiveCfg = Debug|Any CPU
		{7E9B394C-6348-487B-AE57-20201E567E45}.Debug|iPhoneSimulator.Build.0 = Debug|Any CPU
		{7E9B394C-6348-487B-AE57-20201E567E45}.Debug|iPhoneSimulator.Deploy.0 = Debug|Any CPU
		{7E9B394C-6348-487B-AE57-20201E567E45}.Release|Any CPU.ActiveCfg = Release|Any CPU
		{7E9B394C-6348-487B-AE57-20201E567E45}.Release|Any CPU.Build.0 = Release|Any CPU
		{7E9B394C-6348-487B-AE57-20201E567E45}.Release|Any CPU.Deploy.0 = Release|Any CPU
		{7E9B394C-6348-487B-AE57-20201E567E45}.Release|iPhone.ActiveCfg = Release|Any CPU
		{7E9B394C-6348-487B-AE57-20201E567E45}.Release|iPhone.Build.0 = Release|Any CPU
		{7E9B394C-6348-487B-AE57-20201E567E45}.Release|iPhone.Deploy.0 = Release|Any CPU
		{7E9B394C-6348-487B-AE57-20201E567E45}.Release|iPhoneSimulator.ActiveCfg = Release|Any CPU
		{7E9B394C-6348-487B-AE57-20201E567E45}.Release|iPhoneSimulator.Build.0 = Release|Any CPU
		{7E9B394C-6348-487B-AE57-20201E567E45}.Release|iPhoneSimulator.Deploy.0 = Release|Any CPU
	EndGlobalSection
	GlobalSection(SolutionProperties) = preSolution
		HideSolutionNode = FALSE
	EndGlobalSection
	GlobalSection(ExtensibilityGlobals) = postSolution
		SolutionGuid = {B1BC216B-FEFC-420A-8A5D-DF7A8F5ED7AA}
	EndGlobalSection
EndGlobal
